
Microsoft Visual Studio Solution File, Format Version 12.00
# Visual Studio Version 17
VisualStudioVersion = 17.11.35303.130
MinimumVisualStudioVersion = 10.0.40219.1
Project("{2150E333-8FDC-42A3-9474-1A3956D46DE8}") = "Task0", "Task0", "{B8C76455-BB72-4C6B-8C44-228109FF5FF6}"
EndProject
Project("{9A19103F-16F7-4668-BE54-9A1E7A4F7556}") = "Tyuiu.ErmakovAA.Sprint0.Task0.V0", "Tyuiu.ErmakovAA.Sprint0.Task0.V0\Tyuiu.ErmakovAA.Sprint0.Task0.V0.csproj", "{C0E2B600-11A6-4521-BE55-F80F6CB4CAB1}"
EndProject
Project("{2150E333-8FDC-42A3-9474-1A3956D46DE8}") = "Task1", "Task1", "{7B8F1636-2260-4E3A-982C-6C588F03BCA1}"
EndProject
Project("{9A19103F-16F7-4668-BE54-9A1E7A4F7556}") = "Tyuiu.ErmakovAA.Sprint0.Task1.V0", "Tyuiu.ErmakovAA.Sprint0.Task1.V0\Tyuiu.ErmakovAA.Sprint0.Task1.V0.csproj", "{48D329DC-C1CF-4025-A6A0-FC6BB0576482}"
EndProject
Project("{2150E333-8FDC-42A3-9474-1A3956D46DE8}") = "Task2", "Task2", "{6DD3A521-D44D-479E-B643-9B2ED1FB4044}"
EndProject
Project("{9A19103F-16F7-4668-BE54-9A1E7A4F7556}") = "Tyuiu.ErmakovAA.Sprint0.Task2.V0", "Tyuiu.ErmakovAA.Sprint0.Task2.V0\Tyuiu.ErmakovAA.Sprint0.Task2.V0.csproj", "{B12C47A4-E86B-41FF-BF7A-B2FB3A75DED3}"
EndProject
Project("{9A19103F-16F7-4668-BE54-9A1E7A4F7556}") = "Tyuiu.ErmakovAA.Sprint0.Task2.V0.Test", "Tyuiu.ErmakovAA.Sprint0.Task2.V0.Test\Tyuiu.ErmakovAA.Sprint0.Task2.V0.Test.csproj", "{2EBBBE2F-D2DF-477C-BAE2-14BC341C55C1}"
EndProject
Project("{9A19103F-16F7-4668-BE54-9A1E7A4F7556}") = "Tyuiu.ErmakovAA.Sprint0.Task2.V0.Lib", "Tyuiu.ErmakovAA.Sprint0.Task2.V0.Lib\Tyuiu.ErmakovAA.Sprint0.Task2.V0.Lib.csproj", "{0E20852A-D42E-4E1C-AB7F-44D7F75FCABD}"
EndProject
Project("{2150E333-8FDC-42A3-9474-1A3956D46DE8}") = "Task3", "Task3", "{341B60D4-3E4A-4270-8E99-7D4EC10A7938}"
EndProject
Project("{FAE04EC0-301F-11D3-BF4B-00C04F79EFBC}") = "Tyuiu.ErmakovAA.Sprint0.Task3.V0", "Tyuiu.ErmakovAA.Sprint0.Task3.V0\Tyuiu.ErmakovAA.Sprint0.Task3.V0.csproj", "{12032B8E-DA34-4E29-A6DA-EC128A6D778B}"
EndProject
Project("{FAE04EC0-301F-11D3-BF4B-00C04F79EFBC}") = "Tyuiu.ErmakovAA.Sprint0.Task3.V0.Lib", "Tyuiu.ErmakovAA.Sorint0.Task3.V0.Lib\Tyuiu.ErmakovAA.Sprint0.Task3.V0.Lib.csproj", "{204E5263-1C0B-4D57-BA0D-388F55FF8E6E}"
EndProject
Project("{FAE04EC0-301F-11D3-BF4B-00C04F79EFBC}") = "Tyuiu.ErmakovAA.Sprint0.Task3.V0.Test", "Tyuiu.ErmakovAA.Sprint0.Task3.V0.Test\Tyuiu.ErmakovAA.Sprint0.Task3.V0.Test.csproj", "{D90A4C00-D917-40B9-96D1-0CECB5A88DC9}"
EndProject
Project("{2150E333-8FDC-42A3-9474-1A3956D46DE8}") = "Task4", "Task4", "{8CF00588-E7D1-4C1F-96F8-6698B003155C}"
EndProject
Project("{FAE04EC0-301F-11D3-BF4B-00C04F79EFBC}") = "Tyuiu.ErmakovAA.Sprint0.Task4.V0", "Tyuiu.ErmakovAA.Sprint0.Task4.V0\Tyuiu.ErmakovAA.Sprint0.Task4.V0.csproj", "{BE4D8C24-FD1B-4F11-9B7F-57EDF7E66A91}"
EndProject
Project("{FAE04EC0-301F-11D3-BF4B-00C04F79EFBC}") = "Tyuiu.ErmakovAA.Sprint0.Task4.V0.Lib", "Tyuiu.ErmakovAA.Sprint0.Task4.V0.Lib\Tyuiu.ErmakovAA.Sprint0.Task4.V0.Lib.csproj", "{3A4A972F-BE59-4800-B04F-A556AD8A5DBB}"
EndProject
Project("{FAE04EC0-301F-11D3-BF4B-00C04F79EFBC}") = "Tyuiu.ErmakovAA.Sprint0.Task4.V0.Test", "Tyuiu.ErmakovAA.Sprint0.Task4.V0.Test\Tyuiu.ErmakovAA.Sprint0.Task4.V0.Test.csproj", "{C461DCFD-1D1E-4C80-B0D5-F7FB95CF01BB}"
EndProject
Global
	GlobalSection(SolutionConfigurationPlatforms) = preSolution
		Debug|Any CPU = Debug|Any CPU
		Release|Any CPU = Release|Any CPU
	EndGlobalSection
	GlobalSection(ProjectConfigurationPlatforms) = postSolution
		{C0E2B600-11A6-4521-BE55-F80F6CB4CAB1}.Debug|Any CPU.ActiveCfg = Debug|Any CPU
		{C0E2B600-11A6-4521-BE55-F80F6CB4CAB1}.Debug|Any CPU.Build.0 = Debug|Any CPU
		{C0E2B600-11A6-4521-BE55-F80F6CB4CAB1}.Release|Any CPU.ActiveCfg = Release|Any CPU
		{C0E2B600-11A6-4521-BE55-F80F6CB4CAB1}.Release|Any CPU.Build.0 = Release|Any CPU
		{48D329DC-C1CF-4025-A6A0-FC6BB0576482}.Debug|Any CPU.ActiveCfg = Debug|Any CPU
		{48D329DC-C1CF-4025-A6A0-FC6BB0576482}.Debug|Any CPU.Build.0 = Debug|Any CPU
		{48D329DC-C1CF-4025-A6A0-FC6BB0576482}.Release|Any CPU.ActiveCfg = Release|Any CPU
		{48D329DC-C1CF-4025-A6A0-FC6BB0576482}.Release|Any CPU.Build.0 = Release|Any CPU
		{B12C47A4-E86B-41FF-BF7A-B2FB3A75DED3}.Debug|Any CPU.ActiveCfg = Debug|Any CPU
		{B12C47A4-E86B-41FF-BF7A-B2FB3A75DED3}.Debug|Any CPU.Build.0 = Debug|Any CPU
		{B12C47A4-E86B-41FF-BF7A-B2FB3A75DED3}.Release|Any CPU.ActiveCfg = Release|Any CPU
		{B12C47A4-E86B-41FF-BF7A-B2FB3A75DED3}.Release|Any CPU.Build.0 = Release|Any CPU
		{2EBBBE2F-D2DF-477C-BAE2-14BC341C55C1}.Debug|Any CPU.ActiveCfg = Debug|Any CPU
		{2EBBBE2F-D2DF-477C-BAE2-14BC341C55C1}.Debug|Any CPU.Build.0 = Debug|Any CPU
		{2EBBBE2F-D2DF-477C-BAE2-14BC341C55C1}.Release|Any CPU.ActiveCfg = Release|Any CPU
		{2EBBBE2F-D2DF-477C-BAE2-14BC341C55C1}.Release|Any CPU.Build.0 = Release|Any CPU
		{0E20852A-D42E-4E1C-AB7F-44D7F75FCABD}.Debug|Any CPU.ActiveCfg = Debug|Any CPU
		{0E20852A-D42E-4E1C-AB7F-44D7F75FCABD}.Debug|Any CPU.Build.0 = Debug|Any CPU
		{0E20852A-D42E-4E1C-AB7F-44D7F75FCABD}.Release|Any CPU.ActiveCfg = Release|Any CPU
		{0E20852A-D42E-4E1C-AB7F-44D7F75FCABD}.Release|Any CPU.Build.0 = Release|Any CPU
		{12032B8E-DA34-4E29-A6DA-EC128A6D778B}.Debug|Any CPU.ActiveCfg = Debug|Any CPU
		{12032B8E-DA34-4E29-A6DA-EC128A6D778B}.Debug|Any CPU.Build.0 = Debug|Any CPU
		{12032B8E-DA34-4E29-A6DA-EC128A6D778B}.Release|Any CPU.ActiveCfg = Release|Any CPU
		{12032B8E-DA34-4E29-A6DA-EC128A6D778B}.Release|Any CPU.Build.0 = Release|Any CPU
		{204E5263-1C0B-4D57-BA0D-388F55FF8E6E}.Debug|Any CPU.ActiveCfg = Debug|Any CPU
		{204E5263-1C0B-4D57-BA0D-388F55FF8E6E}.Debug|Any CPU.Build.0 = Debug|Any CPU
		{204E5263-1C0B-4D57-BA0D-388F55FF8E6E}.Release|Any CPU.ActiveCfg = Release|Any CPU
		{204E5263-1C0B-4D57-BA0D-388F55FF8E6E}.Release|Any CPU.Build.0 = Release|Any CPU
		{D90A4C00-D917-40B9-96D1-0CECB5A88DC9}.Debug|Any CPU.ActiveCfg = Debug|Any CPU
		{D90A4C00-D917-40B9-96D1-0CECB5A88DC9}.Debug|Any CPU.Build.0 = Debug|Any CPU
		{D90A4C00-D917-40B9-96D1-0CECB5A88DC9}.Release|Any CPU.ActiveCfg = Release|Any CPU
		{D90A4C00-D917-40B9-96D1-0CECB5A88DC9}.Release|Any CPU.Build.0 = Release|Any CPU
		{BE4D8C24-FD1B-4F11-9B7F-57EDF7E66A91}.Debug|Any CPU.ActiveCfg = Debug|Any CPU
		{BE4D8C24-FD1B-4F11-9B7F-57EDF7E66A91}.Debug|Any CPU.Build.0 = Debug|Any CPU
		{BE4D8C24-FD1B-4F11-9B7F-57EDF7E66A91}.Release|Any CPU.ActiveCfg = Release|Any CPU
		{BE4D8C24-FD1B-4F11-9B7F-57EDF7E66A91}.Release|Any CPU.Build.0 = Release|Any CPU
		{3A4A972F-BE59-4800-B04F-A556AD8A5DBB}.Debug|Any CPU.ActiveCfg = Debug|Any CPU
		{3A4A972F-BE59-4800-B04F-A556AD8A5DBB}.Debug|Any CPU.Build.0 = Debug|Any CPU
		{3A4A972F-BE59-4800-B04F-A556AD8A5DBB}.Release|Any CPU.ActiveCfg = Release|Any CPU
		{3A4A972F-BE59-4800-B04F-A556AD8A5DBB}.Release|Any CPU.Build.0 = Release|Any CPU
		{C461DCFD-1D1E-4C80-B0D5-F7FB95CF01BB}.Debug|Any CPU.ActiveCfg = Debug|Any CPU
		{C461DCFD-1D1E-4C80-B0D5-F7FB95CF01BB}.Debug|Any CPU.Build.0 = Debug|Any CPU
		{C461DCFD-1D1E-4C80-B0D5-F7FB95CF01BB}.Release|Any CPU.ActiveCfg = Release|Any CPU
		{C461DCFD-1D1E-4C80-B0D5-F7FB95CF01BB}.Release|Any CPU.Build.0 = Release|Any CPU
	EndGlobalSection
	GlobalSection(SolutionProperties) = preSolution
		HideSolutionNode = FALSE
	EndGlobalSection
	GlobalSection(NestedProjects) = preSolution
		{C0E2B600-11A6-4521-BE55-F80F6CB4CAB1} = {B8C76455-BB72-4C6B-8C44-228109FF5FF6}
		{48D329DC-C1CF-4025-A6A0-FC6BB0576482} = {7B8F1636-2260-4E3A-982C-6C588F03BCA1}
		{B12C47A4-E86B-41FF-BF7A-B2FB3A75DED3} = {6DD3A521-D44D-479E-B643-9B2ED1FB4044}
		{2EBBBE2F-D2DF-477C-BAE2-14BC341C55C1} = {6DD3A521-D44D-479E-B643-9B2ED1FB4044}
		{0E20852A-D42E-4E1C-AB7F-44D7F75FCABD} = {6DD3A521-D44D-479E-B643-9B2ED1FB4044}
		{12032B8E-DA34-4E29-A6DA-EC128A6D778B} = {341B60D4-3E4A-4270-8E99-7D4EC10A7938}
		{204E5263-1C0B-4D57-BA0D-388F55FF8E6E} = {341B60D4-3E4A-4270-8E99-7D4EC10A7938}
		{D90A4C00-D917-40B9-96D1-0CECB5A88DC9} = {341B60D4-3E4A-4270-8E99-7D4EC10A7938}
		{BE4D8C24-FD1B-4F11-9B7F-57EDF7E66A91} = {8CF00588-E7D1-4C1F-96F8-6698B003155C}
		{3A4A972F-BE59-4800-B04F-A556AD8A5DBB} = {8CF00588-E7D1-4C1F-96F8-6698B003155C}
		{C461DCFD-1D1E-4C80-B0D5-F7FB95CF01BB} = {8CF00588-E7D1-4C1F-96F8-6698B003155C}
	EndGlobalSection
	GlobalSection(ExtensibilityGlobals) = postSolution
		SolutionGuid = {EDBA4B06-8B95-4001-8340-A1D4A17C61DD}
	EndGlobalSection
EndGlobal
