
Microsoft Visual Studio Solution File, Format Version 12.00
# Visual Studio Version 17
VisualStudioVersion = 17.11.35303.130
MinimumVisualStudioVersion = 10.0.40219.1
Project("{2150E333-8FDC-42A3-9474-1A3956D46DE8}") = "Task0", "Task0", "{B8C76455-BB72-4C6B-8C44-228109FF5FF6}"
EndProject
Project("{9A19103F-16F7-4668-BE54-9A1E7A4F7556}") = "Tyuiu.ErmakovAA.Sprint0.Task0.V0", "Tyuiu.ErmakovAA.Sprint0.Task0.V0\Tyuiu.ErmakovAA.Sprint0.Task0.V0.csproj", "{C0E2B600-11A6-4521-BE55-F80F6CB4CAB1}"
EndProject
Project("{2150E333-8FDC-42A3-9474-1A3956D46DE8}") = "Task1", "Task1", "{7B8F1636-2260-4E3A-982C-6C588F03BCA1}"
EndProject
Project("{9A19103F-16F7-4668-BE54-9A1E7A4F7556}") = "Tyuiu.ErmakovAA.Sprint0.Task1.V0", "Tyuiu.ErmakovAA.Sprint0.Task1.V0\Tyuiu.ErmakovAA.Sprint0.Task1.V0.csproj", "{48D329DC-C1CF-4025-A6A0-FC6BB0576482}"
EndProject
Project("{2150E333-8FDC-42A3-9474-1A3956D46DE8}") = "Task2", "Task2", "{6DD3A521-D44D-479E-B643-9B2ED1FB4044}"
EndProject
Project("{FAE04EC0-301F-11D3-BF4B-00C04F79EFBC}") = "Tyuiu.ErmakovAA.Sprint0.Task2.V0", "Tyuiu.ErmakovAA.Sprint0.Task2.V0\Tyuiu.ErmakovAA.Sprint0.Task2.V0.csproj", "{B12C47A4-E86B-41FF-BF7A-B2FB3A75DED3}"
EndProject
Project("{FAE04EC0-301F-11D3-BF4B-00C04F79EFBC}") = "Tyuiu.ErmakovAA.Sprint0.Task2.V0.Test", "Tyuiu.ErmakovAA.Sprint0.Task2.V0.Test\Tyuiu.ErmakovAA.Sprint0.Task2.V0.Test.csproj", "{2EBBBE2F-D2DF-477C-BAE2-14BC341C55C1}"
EndProject
Project("{FAE04EC0-301F-11D3-BF4B-00C04F79EFBC}") = "Tyuiu.ErmakovAA.Sprint0.Task2.V0.Lib", "Tyuiu.ErmakovAA.Sprint0.Task2.V0.Lib\Tyuiu.ErmakovAA.Sprint0.Task2.V0.Lib.csproj", "{0E20852A-D42E-4E1C-AB7F-44D7F75FCABD}"
EndProject
Global
	GlobalSection(SolutionConfigurationPlatforms) = preSolution
		Debug|Any CPU = Debug|Any CPU
		Release|Any CPU = Release|Any CPU
	EndGlobalSection
	GlobalSection(ProjectConfigurationPlatforms) = postSolution
		{C0E2B600-11A6-4521-BE55-F80F6CB4CAB1}.Debug|Any CPU.ActiveCfg = Debug|Any CPU
		{C0E2B600-11A6-4521-BE55-F80F6CB4CAB1}.Debug|Any CPU.Build.0 = Debug|Any CPU
		{C0E2B600-11A6-4521-BE55-F80F6CB4CAB1}.Release|Any CPU.ActiveCfg = Release|Any CPU
		{C0E2B600-11A6-4521-BE55-F80F6CB4CAB1}.Release|Any CPU.Build.0 = Release|Any CPU
		{48D329DC-C1CF-4025-A6A0-FC6BB0576482}.Debug|Any CPU.ActiveCfg = Debug|Any CPU
		{48D329DC-C1CF-4025-A6A0-FC6BB0576482}.Debug|Any CPU.Build.0 = Debug|Any CPU
		{48D329DC-C1CF-4025-A6A0-FC6BB0576482}.Release|Any CPU.ActiveCfg = Release|Any CPU
		{48D329DC-C1CF-4025-A6A0-FC6BB0576482}.Release|Any CPU.Build.0 = Release|Any CPU
		{B12C47A4-E86B-41FF-BF7A-B2FB3A75DED3}.Debug|Any CPU.ActiveCfg = Debug|Any CPU
		{B12C47A4-E86B-41FF-BF7A-B2FB3A75DED3}.Debug|Any CPU.Build.0 = Debug|Any CPU
		{B12C47A4-E86B-41FF-BF7A-B2FB3A75DED3}.Release|Any CPU.ActiveCfg = Release|Any CPU
		{B12C47A4-E86B-41FF-BF7A-B2FB3A75DED3}.Release|Any CPU.Build.0 = Release|Any CPU
		{2EBBBE2F-D2DF-477C-BAE2-14BC341C55C1}.Debug|Any CPU.ActiveCfg = Debug|Any CPU
		{2EBBBE2F-D2DF-477C-BAE2-14BC341C55C1}.Debug|Any CPU.Build.0 = Debug|Any CPU
		{2EBBBE2F-D2DF-477C-BAE2-14BC341C55C1}.Release|Any CPU.ActiveCfg = Release|Any CPU
		{2EBBBE2F-D2DF-477C-BAE2-14BC341C55C1}.Release|Any CPU.Build.0 = Release|Any CPU
		{0E20852A-D42E-4E1C-AB7F-44D7F75FCABD}.Debug|Any CPU.ActiveCfg = Debug|Any CPU
		{0E20852A-D42E-4E1C-AB7F-44D7F75FCABD}.Debug|Any CPU.Build.0 = Debug|Any CPU
		{0E20852A-D42E-4E1C-AB7F-44D7F75FCABD}.Release|Any CPU.ActiveCfg = Release|Any CPU
		{0E20852A-D42E-4E1C-AB7F-44D7F75FCABD}.Release|Any CPU.Build.0 = Release|Any CPU
	EndGlobalSection
	GlobalSection(SolutionProperties) = preSolution
		HideSolutionNode = FALSE
	EndGlobalSection
	GlobalSection(NestedProjects) = preSolution
		{C0E2B600-11A6-4521-BE55-F80F6CB4CAB1} = {B8C76455-BB72-4C6B-8C44-228109FF5FF6}
		{48D329DC-C1CF-4025-A6A0-FC6BB0576482} = {7B8F1636-2260-4E3A-982C-6C588F03BCA1}
		{B12C47A4-E86B-41FF-BF7A-B2FB3A75DED3} = {6DD3A521-D44D-479E-B643-9B2ED1FB4044}
		{2EBBBE2F-D2DF-477C-BAE2-14BC341C55C1} = {6DD3A521-D44D-479E-B643-9B2ED1FB4044}
		{0E20852A-D42E-4E1C-AB7F-44D7F75FCABD} = {6DD3A521-D44D-479E-B643-9B2ED1FB4044}
	EndGlobalSection
	GlobalSection(ExtensibilityGlobals) = postSolution
		SolutionGuid = {EDBA4B06-8B95-4001-8340-A1D4A17C61DD}
	EndGlobalSection
EndGlobal
